Microsoft Visual Studio Solution File, Format Version 11.00
# Visual Studio 2008

Project("{FC6AB488-6249-4F23-54A6-395976D9CF6B}") = "Sudoku HAWK", "Assembly-CSharp-firstpass.csproj", "{9C128F98-CB65-4EA9-2A5D-71A84799CC65}"
EndProject
Project("{FC6AB488-6249-4F23-54A6-395976D9CF6B}") = "Sudoku HAWK", "Assembly-CSharp.csproj", "{D4739224-53F8-AA13-723B-9A6CDBD66BCC}"
EndProject
Global
	GlobalSection(SolutionConfigurationPlatforms) = preSolution
		Debug|Any CPU = Debug|Any CPU
		Release|Any CPU = Release|Any CPU
	EndGlobalSection
	GlobalSection(ProjectConfigurationPlatforms) = postSolution
		{9C128F98-CB65-4EA9-2A5D-71A84799CC65}.Debug|Any CPU.ActiveCfg = Debug|Any CPU
		{9C128F98-CB65-4EA9-2A5D-71A84799CC65}.Debug|Any CPU.Build.0 = Debug|Any CPU
		{9C128F98-CB65-4EA9-2A5D-71A84799CC65}.Release|Any CPU.ActiveCfg = Release|Any CPU
		{9C128F98-CB65-4EA9-2A5D-71A84799CC65}.Release|Any CPU.Build.0 = Release|Any CPU
		{D4739224-53F8-AA13-723B-9A6CDBD66BCC}.Debug|Any CPU.ActiveCfg = Debug|Any CPU
		{D4739224-53F8-AA13-723B-9A6CDBD66BCC}.Debug|Any CPU.Build.0 = Debug|Any CPU
		{D4739224-53F8-AA13-723B-9A6CDBD66BCC}.Release|Any CPU.ActiveCfg = Release|Any CPU
		{D4739224-53F8-AA13-723B-9A6CDBD66BCC}.Release|Any CPU.Build.0 = Release|Any CPU
	EndGlobalSection
	GlobalSection(SolutionProperties) = preSolution
		HideSolutionNode = FALSE
	EndGlobalSection
																															GlobalSection(MonoDevelopProperties) = preSolution
		StartupItem = Assembly-CSharp.csproj
		Policies = $0
		$0.TextStylePolicy = $1
		$1.inheritsSet = null
		$1.scope = text/x-csharp
		$0.CSharpFormattingPolicy = $2
		$2.inheritsSet = Mono
		$2.inheritsScope = text/x-csharp
		$2.scope = text/x-csharp
		$0.TextStylePolicy = $3
		$3.FileWidth = 120
		$3.TabWidth = 4
		$3.EolMarker = Unix
		$3.inheritsSet = Mono
		$3.inheritsScope = text/plain
		$3.scope = text/plain
	EndGlobalSection

EndGlobal
